
Microsoft Visual Studio Solution File, Format Version 12.00
# Visual Studio 15
VisualStudioVersion = 15.0.28307.1062
MinimumVisualStudioVersion = 10.0.40219.1
Project("{8BC9CEB8-8B4A-11D0-8D11-00A0C91BC942}") = "zlibvc", "zlibvc.vcxproj", "{8FD826F8-3739-44E6-8CC8-997122E53B8D}"
EndProject
Project("{8BC9CEB8-8B4A-11D0-8D11-00A0C91BC942}") = "zlibstat", "zlibstat.vcxproj", "{745DEC58-EBB3-47A9-A9B8-4C6627C01BF8}"
EndProject
Project("{8BC9CEB8-8B4A-11D0-8D11-00A0C91BC942}") = "testzlib", "testzlib.vcxproj", "{AA6666AA-E09F-4135-9C0C-4FE50C3C654B}"
EndProject
Project("{8BC9CEB8-8B4A-11D0-8D11-00A0C91BC942}") = "testzlibdll", "testzlibdll.vcxproj", "{C52F9E7B-498A-42BE-8DB4-85A15694366A}"
EndProject
Project("{8BC9CEB8-8B4A-11D0-8D11-00A0C91BC942}") = "minizip", "minizip.vcxproj", "{48CDD9DC-E09F-4135-9C0C-4FE50C3C654B}"
EndProject
Project("{8BC9CEB8-8B4A-11D0-8D11-00A0C91BC942}") = "miniunz", "miniunz.vcxproj", "{C52F9E7B-498A-42BE-8DB4-85A15694382A}"
EndProject
Global
	GlobalSection(SolutionConfigurationPlatforms) = preSolution
		debug-dll|Itanium = debug-dll|Itanium
		debug-dll|x64 = debug-dll|x64
		debug-dll|x86 = debug-dll|x86
		debug-static|Itanium = debug-static|Itanium
		debug-static|x64 = debug-static|x64
		debug-static|x86 = debug-static|x86
		release-dll|Itanium = release-dll|Itanium
		release-dll|x64 = release-dll|x64
		release-dll|x86 = release-dll|x86
		release-static|Itanium = release-static|Itanium
		release-static|x64 = release-static|x64
		release-static|x86 = release-static|x86
		ReleaseWithoutAsm|Itanium = ReleaseWithoutAsm|Itanium
		ReleaseWithoutAsm|x64 = ReleaseWithoutAsm|x64
		ReleaseWithoutAsm|x86 = ReleaseWithoutAsm|x86
	EndGlobalSection
	GlobalSection(ProjectConfigurationPlatforms) = postSolution
		{8FD826F8-3739-44E6-8CC8-997122E53B8D}.debug-dll|Itanium.ActiveCfg = debug-dll|Itanium
		{8FD826F8-3739-44E6-8CC8-997122E53B8D}.debug-dll|Itanium.Build.0 = debug-dll|Itanium
		{8FD826F8-3739-44E6-8CC8-997122E53B8D}.debug-dll|x64.ActiveCfg = debug-dll|x64
		{8FD826F8-3739-44E6-8CC8-997122E53B8D}.debug-dll|x64.Build.0 = debug-dll|x64
		{8FD826F8-3739-44E6-8CC8-997122E53B8D}.debug-dll|x86.ActiveCfg = debug-dll|Win32
		{8FD826F8-3739-44E6-8CC8-997122E53B8D}.debug-dll|x86.Build.0 = debug-dll|Win32
		{8FD826F8-3739-44E6-8CC8-997122E53B8D}.debug-static|Itanium.ActiveCfg = debug-static|Itanium
		{8FD826F8-3739-44E6-8CC8-997122E53B8D}.debug-static|Itanium.Build.0 = debug-static|Itanium
		{8FD826F8-3739-44E6-8CC8-997122E53B8D}.debug-static|x64.ActiveCfg = debug-static|x64
		{8FD826F8-3739-44E6-8CC8-997122E53B8D}.debug-static|x64.Build.0 = debug-static|x64
		{8FD826F8-3739-44E6-8CC8-997122E53B8D}.debug-static|x86.ActiveCfg = debug-static|Win32
		{8FD826F8-3739-44E6-8CC8-997122E53B8D}.debug-static|x86.Build.0 = debug-static|Win32
		{8FD826F8-3739-44E6-8CC8-997122E53B8D}.release-dll|Itanium.ActiveCfg = release-dll|Itanium
		{8FD826F8-3739-44E6-8CC8-997122E53B8D}.release-dll|Itanium.Build.0 = release-dll|Itanium
		{8FD826F8-3739-44E6-8CC8-997122E53B8D}.release-dll|x64.ActiveCfg = release-dll|x64
		{8FD826F8-3739-44E6-8CC8-997122E53B8D}.release-dll|x64.Build.0 = release-dll|x64
		{8FD826F8-3739-44E6-8CC8-997122E53B8D}.release-dll|x86.ActiveCfg = release-dll|Win32
		{8FD826F8-3739-44E6-8CC8-997122E53B8D}.release-dll|x86.Build.0 = release-dll|Win32
		{8FD826F8-3739-44E6-8CC8-997122E53B8D}.release-static|Itanium.ActiveCfg = release-dll|Itanium
		{8FD826F8-3739-44E6-8CC8-997122E53B8D}.release-static|Itanium.Build.0 = release-dll|Itanium
		{8FD826F8-3739-44E6-8CC8-997122E53B8D}.release-static|x64.ActiveCfg = release-static|x64
		{8FD826F8-3739-44E6-8CC8-997122E53B8D}.release-static|x64.Build.0 = release-static|x64
		{8FD826F8-3739-44E6-8CC8-997122E53B8D}.release-static|x86.ActiveCfg = release-static|Win32
		{8FD826F8-3739-44E6-8CC8-997122E53B8D}.release-static|x86.Build.0 = release-static|Win32
		{8FD826F8-3739-44E6-8CC8-997122E53B8D}.ReleaseWithoutAsm|Itanium.ActiveCfg = ReleaseWithoutAsm|Win32
		{8FD826F8-3739-44E6-8CC8-997122E53B8D}.ReleaseWithoutAsm|x64.ActiveCfg = ReleaseWithoutAsm|x64
		{8FD826F8-3739-44E6-8CC8-997122E53B8D}.ReleaseWithoutAsm|x64.Build.0 = ReleaseWithoutAsm|x64
		{8FD826F8-3739-44E6-8CC8-997122E53B8D}.ReleaseWithoutAsm|x86.ActiveCfg = ReleaseWithoutAsm|Win32
		{8FD826F8-3739-44E6-8CC8-997122E53B8D}.ReleaseWithoutAsm|x86.Build.0 = ReleaseWithoutAsm|Win32
		{745DEC58-EBB3-47A9-A9B8-4C6627C01BF8}.debug-dll|Itanium.ActiveCfg = debug-dll|Itanium
		{745DEC58-EBB3-47A9-A9B8-4C6627C01BF8}.debug-dll|Itanium.Build.0 = debug-dll|Itanium
		{745DEC58-EBB3-47A9-A9B8-4C6627C01BF8}.debug-dll|x64.ActiveCfg = debug-dll|x64
		{745DEC58-EBB3-47A9-A9B8-4C6627C01BF8}.debug-dll|x64.Build.0 = debug-dll|x64
		{745DEC58-EBB3-47A9-A9B8-4C6627C01BF8}.debug-dll|x86.ActiveCfg = debug-dll|Win32
		{745DEC58-EBB3-47A9-A9B8-4C6627C01BF8}.debug-dll|x86.Build.0 = debug-dll|Win32
		{745DEC58-EBB3-47A9-A9B8-4C6627C01BF8}.debug-static|Itanium.ActiveCfg = debug-static|Itanium
		{745DEC58-EBB3-47A9-A9B8-4C6627C01BF8}.debug-static|Itanium.Build.0 = debug-static|Itanium
		{745DEC58-EBB3-47A9-A9B8-4C6627C01BF8}.debug-static|x64.ActiveCfg = debug-static|x64
		{745DEC58-EBB3-47A9-A9B8-4C6627C01BF8}.debug-static|x64.Build.0 = debug-static|x64
		{745DEC58-EBB3-47A9-A9B8-4C6627C01BF8}.debug-static|x86.ActiveCfg = debug-static|Win32
		{745DEC58-EBB3-47A9-A9B8-4C6627C01BF8}.debug-static|x86.Build.0 = debug-static|Win32
		{745DEC58-EBB3-47A9-A9B8-4C6627C01BF8}.release-dll|Itanium.ActiveCfg = release-dll|Itanium
		{745DEC58-EBB3-47A9-A9B8-4C6627C01BF8}.release-dll|Itanium.Build.0 = release-dll|Itanium
		{745DEC58-EBB3-47A9-A9B8-4C6627C01BF8}.release-dll|x64.ActiveCfg = release-dll|x64
		{745DEC58-EBB3-47A9-A9B8-4C6627C01BF8}.release-dll|x64.Build.0 = release-dll|x64
		{745DEC58-EBB3-47A9-A9B8-4C6627C01BF8}.release-dll|x86.ActiveCfg = release-dll|Win32
		{745DEC58-EBB3-47A9-A9B8-4C6627C01BF8}.release-dll|x86.Build.0 = release-dll|Win32
		{745DEC58-EBB3-47A9-A9B8-4C6627C01BF8}.release-static|Itanium.ActiveCfg = release-static|Itanium
		{745DEC58-EBB3-47A9-A9B8-4C6627C01BF8}.release-static|Itanium.Build.0 = release-static|Itanium
		{745DEC58-EBB3-47A9-A9B8-4C6627C01BF8}.release-static|x64.ActiveCfg = release-static|x64
		{745DEC58-EBB3-47A9-A9B8-4C6627C01BF8}.release-static|x64.Build.0 = release-static|x64
		{745DEC58-EBB3-47A9-A9B8-4C6627C01BF8}.release-static|x86.ActiveCfg = release-static|Win32
		{745DEC58-EBB3-47A9-A9B8-4C6627C01BF8}.release-static|x86.Build.0 = release-static|Win32
		{745DEC58-EBB3-47A9-A9B8-4C6627C01BF8}.ReleaseWithoutAsm|Itanium.ActiveCfg = ReleaseWithoutAsm|Win32
		{745DEC58-EBB3-47A9-A9B8-4C6627C01BF8}.ReleaseWithoutAsm|x64.ActiveCfg = ReleaseWithoutAsm|x64
		{745DEC58-EBB3-47A9-A9B8-4C6627C01BF8}.ReleaseWithoutAsm|x64.Build.0 = ReleaseWithoutAsm|x64
		{745DEC58-EBB3-47A9-A9B8-4C6627C01BF8}.ReleaseWithoutAsm|x86.ActiveCfg = ReleaseWithoutAsm|Win32
		{745DEC58-EBB3-47A9-A9B8-4C6627C01BF8}.ReleaseWithoutAsm|x86.Build.0 = ReleaseWithoutAsm|Win32
		{AA6666AA-E09F-4135-9C0C-4FE50C3C654B}.debug-dll|Itanium.ActiveCfg = Debug|Win32
		{AA6666AA-E09F-4135-9C0C-4FE50C3C654B}.debug-dll|x64.ActiveCfg = Debug|x64
		{AA6666AA-E09F-4135-9C0C-4FE50C3C654B}.debug-dll|x64.Build.0 = Debug|x64
		{AA6666AA-E09F-4135-9C0C-4FE50C3C654B}.debug-dll|x86.ActiveCfg = Debug|Win32
		{AA6666AA-E09F-4135-9C0C-4FE50C3C654B}.debug-dll|x86.Build.0 = Debug|Win32
		{AA6666AA-E09F-4135-9C0C-4FE50C3C654B}.debug-static|Itanium.ActiveCfg = Debug|Itanium
		{AA6666AA-E09F-4135-9C0C-4FE50C3C654B}.debug-static|Itanium.Build.0 = Debug|Itanium
		{AA6666AA-E09F-4135-9C0C-4FE50C3C654B}.debug-static|x64.ActiveCfg = Debug|x64
		{AA6666AA-E09F-4135-9C0C-4FE50C3C654B}.debug-static|x64.Build.0 = Debug|x64
		{AA6666AA-E09F-4135-9C0C-4FE50C3C654B}.debug-static|x86.ActiveCfg = Debug|Win32
		{AA6666AA-E09F-4135-9C0C-4FE50C3C654B}.debug-static|x86.Build.0 = Debug|Win32
		{AA6666AA-E09F-4135-9C0C-4FE50C3C654B}.release-dll|Itanium.ActiveCfg = Release|Win32
		{AA6666AA-E09F-4135-9C0C-4FE50C3C654B}.release-dll|x64.ActiveCfg = Release|x64
		{AA6666AA-E09F-4135-9C0C-4FE50C3C654B}.release-dll|x64.Build.0 = Release|x64
		{AA6666AA-E09F-4135-9C0C-4FE50C3C654B}.release-dll|x86.ActiveCfg = Release|Win32
		{AA6666AA-E09F-4135-9C0C-4FE50C3C654B}.release-dll|x86.Build.0 = Release|Win32
		{AA6666AA-E09F-4135-9C0C-4FE50C3C654B}.release-static|Itanium.ActiveCfg = Release (Static)|Itanium
		{AA6666AA-E09F-4135-9C0C-4FE50C3C654B}.release-static|Itanium.Build.0 = Release (Static)|Itanium
		{AA6666AA-E09F-4135-9C0C-4FE50C3C654B}.release-static|x64.ActiveCfg = Release (Static)|x64
		{AA6666AA-E09F-4135-9C0C-4FE50C3C654B}.release-static|x64.Build.0 = Release (Static)|x64
		{AA6666AA-E09F-4135-9C0C-4FE50C3C654B}.release-static|x86.ActiveCfg = Release (Static)|Win32
		{AA6666AA-E09F-4135-9C0C-4FE50C3C654B}.release-static|x86.Build.0 = Release (Static)|Win32
		{AA6666AA-E09F-4135-9C0C-4FE50C3C654B}.ReleaseWithoutAsm|Itanium.ActiveCfg = ReleaseWithoutAsm|Win32
		{AA6666AA-E09F-4135-9C0C-4FE50C3C654B}.ReleaseWithoutAsm|x64.ActiveCfg = ReleaseWithoutAsm|x64
		{AA6666AA-E09F-4135-9C0C-4FE50C3C654B}.ReleaseWithoutAsm|x64.Build.0 = ReleaseWithoutAsm|x64
		{AA6666AA-E09F-4135-9C0C-4FE50C3C654B}.ReleaseWithoutAsm|x86.ActiveCfg = ReleaseWithoutAsm|Win32
		{AA6666AA-E09F-4135-9C0C-4FE50C3C654B}.ReleaseWithoutAsm|x86.Build.0 = ReleaseWithoutAsm|Win32
		{C52F9E7B-498A-42BE-8DB4-85A15694366A}.debug-dll|Itanium.ActiveCfg = Debug|Win32
		{C52F9E7B-498A-42BE-8DB4-85A15694366A}.debug-dll|x64.ActiveCfg = Debug|x64
		{C52F9E7B-498A-42BE-8DB4-85A15694366A}.debug-dll|x64.Build.0 = Debug|x64
		{C52F9E7B-498A-42BE-8DB4-85A15694366A}.debug-dll|x86.ActiveCfg = Debug|Win32
		{C52F9E7B-498A-42BE-8DB4-85A15694366A}.debug-dll|x86.Build.0 = Debug|Win32
		{C52F9E7B-498A-42BE-8DB4-85A15694366A}.debug-static|Itanium.ActiveCfg = Debug|Itanium
		{C52F9E7B-498A-42BE-8DB4-85A15694366A}.debug-static|Itanium.Build.0 = Debug|Itanium
		{C52F9E7B-498A-42BE-8DB4-85A15694366A}.debug-static|x64.ActiveCfg = Debug|x64
		{C52F9E7B-498A-42BE-8DB4-85A15694366A}.debug-static|x64.Build.0 = Debug|x64
		{C52F9E7B-498A-42BE-8DB4-85A15694366A}.debug-static|x86.ActiveCfg = Debug|Win32
		{C52F9E7B-498A-42BE-8DB4-85A15694366A}.debug-static|x86.Build.0 = Debug|Win32
		{C52F9E7B-498A-42BE-8DB4-85A15694366A}.release-dll|Itanium.ActiveCfg = Release|Win32
		{C52F9E7B-498A-42BE-8DB4-85A15694366A}.release-dll|x64.ActiveCfg = Release|x64
		{C52F9E7B-498A-42BE-8DB4-85A15694366A}.release-dll|x64.Build.0 = Release|x64
		{C52F9E7B-498A-42BE-8DB4-85A15694366A}.release-dll|x86.ActiveCfg = Release|Win32
		{C52F9E7B-498A-42BE-8DB4-85A15694366A}.release-dll|x86.Build.0 = Release|Win32
		{C52F9E7B-498A-42BE-8DB4-85A15694366A}.release-static|Itanium.ActiveCfg = Release|Itanium
		{C52F9E7B-498A-42BE-8DB4-85A15694366A}.release-static|Itanium.Build.0 = Release|Itanium
		{C52F9E7B-498A-42BE-8DB4-85A15694366A}.release-static|x64.ActiveCfg = Release|x64
		{C52F9E7B-498A-42BE-8DB4-85A15694366A}.release-static|x64.Build.0 = Release|x64
		{C52F9E7B-498A-42BE-8DB4-85A15694366A}.release-static|x86.ActiveCfg = Release|Win32
		{C52F9E7B-498A-42BE-8DB4-85A15694366A}.release-static|x86.Build.0 = Release|Win32
		{C52F9E7B-498A-42BE-8DB4-85A15694366A}.ReleaseWithoutAsm|Itanium.ActiveCfg = Release|Win32
		{C52F9E7B-498A-42BE-8DB4-85A15694366A}.ReleaseWithoutAsm|x64.ActiveCfg = Release|x64
		{C52F9E7B-498A-42BE-8DB4-85A15694366A}.ReleaseWithoutAsm|x86.ActiveCfg = Release|Win32
		{48CDD9DC-E09F-4135-9C0C-4FE50C3C654B}.debug-dll|Itanium.ActiveCfg = Debug|Win32
		{48CDD9DC-E09F-4135-9C0C-4FE50C3C654B}.debug-dll|x64.ActiveCfg = Debug|x64
		{48CDD9DC-E09F-4135-9C0C-4FE50C3C654B}.debug-dll|x64.Build.0 = Debug|x64
		{48CDD9DC-E09F-4135-9C0C-4FE50C3C654B}.debug-dll|x86.ActiveCfg = Debug|Win32
		{48CDD9DC-E09F-4135-9C0C-4FE50C3C654B}.debug-dll|x86.Build.0 = Debug|Win32
		{48CDD9DC-E09F-4135-9C0C-4FE50C3C654B}.debug-static|Itanium.ActiveCfg = Debug|Itanium
		{48CDD9DC-E09F-4135-9C0C-4FE50C3C654B}.debug-static|Itanium.Build.0 = Debug|Itanium
		{48CDD9DC-E09F-4135-9C0C-4FE50C3C654B}.debug-static|x64.ActiveCfg = Debug|x64
		{48CDD9DC-E09F-4135-9C0C-4FE50C3C654B}.debug-static|x64.Build.0 = Debug|x64
		{48CDD9DC-E09F-4135-9C0C-4FE50C3C654B}.debug-static|x86.ActiveCfg = Debug|Win32
		{48CDD9DC-E09F-4135-9C0C-4FE50C3C654B}.debug-static|x86.Build.0 = Debug|Win32
		{48CDD9DC-E09F-4135-9C0C-4FE50C3C654B}.release-dll|Itanium.ActiveCfg = Release|Win32
		{48CDD9DC-E09F-4135-9C0C-4FE50C3C654B}.release-dll|x64.ActiveCfg = Release|x64
		{48CDD9DC-E09F-4135-9C0C-4FE50C3C654B}.release-dll|x64.Build.0 = Release|x64
		{48CDD9DC-E09F-4135-9C0C-4FE50C3C654B}.release-dll|x86.ActiveCfg = Release|Win32
		{48CDD9DC-E09F-4135-9C0C-4FE50C3C654B}.release-dll|x86.Build.0 = Release|Win32
		{48CDD9DC-E09F-4135-9C0C-4FE50C3C654B}.release-static|Itanium.ActiveCfg = Release|Itanium
		{48CDD9DC-E09F-4135-9C0C-4FE50C3C654B}.release-static|Itanium.Build.0 = Release|Itanium
		{48CDD9DC-E09F-4135-9C0C-4FE50C3C654B}.release-static|x64.ActiveCfg = Release|x64
		{48CDD9DC-E09F-4135-9C0C-4FE50C3C654B}.release-static|x64.Build.0 = Release|x64
		{48CDD9DC-E09F-4135-9C0C-4FE50C3C654B}.release-static|x86.ActiveCfg = Release|Win32
		{48CDD9DC-E09F-4135-9C0C-4FE50C3C654B}.release-static|x86.Build.0 = Release|Win32
		{48CDD9DC-E09F-4135-9C0C-4FE50C3C654B}.ReleaseWithoutAsm|Itanium.ActiveCfg = Release|Win32
		{48CDD9DC-E09F-4135-9C0C-4FE50C3C654B}.ReleaseWithoutAsm|x64.ActiveCfg = Release|x64
		{48CDD9DC-E09F-4135-9C0C-4FE50C3C654B}.ReleaseWithoutAsm|x86.ActiveCfg = Release|Win32
		{C52F9E7B-498A-42BE-8DB4-85A15694382A}.debug-dll|Itanium.ActiveCfg = Debug|Win32
		{C52F9E7B-498A-42BE-8DB4-85A15694382A}.debug-dll|x64.ActiveCfg = Debug|x64
		{C52F9E7B-498A-42BE-8DB4-85A15694382A}.debug-dll|x64.Build.0 = Debug|x64
		{C52F9E7B-498A-42BE-8DB4-85A15694382A}.debug-dll|x86.ActiveCfg = Debug|Win32
		{C52F9E7B-498A-42BE-8DB4-85A15694382A}.debug-dll|x86.Build.0 = Debug|Win32
		{C52F9E7B-498A-42BE-8DB4-85A15694382A}.debug-static|Itanium.ActiveCfg = Debug|Itanium
		{C52F9E7B-498A-42BE-8DB4-85A15694382A}.debug-static|Itanium.Build.0 = Debug|Itanium
		{C52F9E7B-498A-42BE-8DB4-85A15694382A}.debug-static|x64.ActiveCfg = Debug|x64
		{C52F9E7B-498A-42BE-8DB4-85A15694382A}.debug-static|x64.Build.0 = Debug|x64
		{C52F9E7B-498A-42BE-8DB4-85A15694382A}.debug-static|x86.ActiveCfg = Debug|Win32
		{C52F9E7B-498A-42BE-8DB4-85A15694382A}.debug-static|x86.Build.0 = Debug|Win32
		{C52F9E7B-498A-42BE-8DB4-85A15694382A}.release-dll|Itanium.ActiveCfg = Release|Win32
		{C52F9E7B-498A-42BE-8DB4-85A15694382A}.release-dll|x64.ActiveCfg = Release|x64
		{C52F9E7B-498A-42BE-8DB4-85A15694382A}.release-dll|x64.Build.0 = Release|x64
		{C52F9E7B-498A-42BE-8DB4-85A15694382A}.release-dll|x86.ActiveCfg = Release|Win32
		{C52F9E7B-498A-42BE-8DB4-85A15694382A}.release-dll|x86.Build.0 = Release|Win32
		{C52F9E7B-498A-42BE-8DB4-85A15694382A}.release-static|Itanium.ActiveCfg = Release|Itanium
		{C52F9E7B-498A-42BE-8DB4-85A15694382A}.release-static|Itanium.Build.0 = Release|Itanium
		{C52F9E7B-498A-42BE-8DB4-85A15694382A}.release-static|x64.ActiveCfg = Release|x64
		{C52F9E7B-498A-42BE-8DB4-85A15694382A}.release-static|x64.Build.0 = Release|x64
		{C52F9E7B-498A-42BE-8DB4-85A15694382A}.release-static|x86.ActiveCfg = Release|Win32
		{C52F9E7B-498A-42BE-8DB4-85A15694382A}.release-static|x86.Build.0 = Release|Win32
		{C52F9E7B-498A-42BE-8DB4-85A15694382A}.ReleaseWithoutAsm|Itanium.ActiveCfg = Release|Win32
		{C52F9E7B-498A-42BE-8DB4-85A15694382A}.ReleaseWithoutAsm|x64.ActiveCfg = Release|x64
		{C52F9E7B-498A-42BE-8DB4-85A15694382A}.ReleaseWithoutAsm|x86.ActiveCfg = Release|Win32
	EndGlobalSection
	GlobalSection(SolutionProperties) = preSolution
		HideSolutionNode = FALSE
	EndGlobalSection
	GlobalSection(ExtensibilityGlobals) = postSolution
		SolutionGuid = {E07F6567-7249-4388-8CC5-26A643E03BCD}
	EndGlobalSection
EndGlobal
